
Microsoft Visual Studio Solution File, Format Version 12.00
# Visual Studio Version 16
VisualStudioVersion = 16.0.29418.71
MinimumVisualStudioVersion = 10.0.40219.1
Project("{FAE04EC0-301F-11D3-BF4B-00C04F79EFBC}") = "Core", "Core\Core.csproj", "{631AC093-430F-45F4-BA0C-AF0F0405918A}"
EndProject
Project("{FAE04EC0-301F-11D3-BF4B-00C04F79EFBC}") = "Imaging", "Imaging\Imaging.csproj", "{C6A8B9AE-0749-41C7-8FF9-02C156696F45}"
	ProjectSection(ProjectDependencies) = postProject
		{C0FAF524-72E4-46F7-8C1B-A6B74DEC5EBE} = {C0FAF524-72E4-46F7-8C1B-A6B74DEC5EBE}
		{631AC093-430F-45F4-BA0C-AF0F0405918A} = {631AC093-430F-45F4-BA0C-AF0F0405918A}
	EndProjectSection
EndProject
Project("{FAE04EC0-301F-11D3-BF4B-00C04F79EFBC}") = "Imaging.Formats", "Imaging.Formats\Imaging.Formats.csproj", "{50050BA8-B739-4931-8DBA-D77A031537FF}"
EndProject
Project("{FAE04EC0-301F-11D3-BF4B-00C04F79EFBC}") = "Math", "Math\Math.csproj", "{C0FAF524-72E4-46F7-8C1B-A6B74DEC5EBE}"
	ProjectSection(ProjectDependencies) = postProject
		{631AC093-430F-45F4-BA0C-AF0F0405918A} = {631AC093-430F-45F4-BA0C-AF0F0405918A}
	EndProjectSection
EndProject
Project("{FAE04EC0-301F-11D3-BF4B-00C04F79EFBC}") = "Controls", "Controls\Controls.csproj", "{4CCA6844-9102-4A3B-8148-EA3D359B2586}"
EndProject
Global
	GlobalSection(SolutionConfigurationPlatforms) = preSolution
		Debug Complete|Any CPU = Debug Complete|Any CPU
		Debug|Any CPU = Debug|Any CPU
		Release Complete|Any CPU = Release Complete|Any CPU
		Release|Any CPU = Release|Any CPU
	EndGlobalSection
	GlobalSection(ProjectConfigurationPlatforms) = postSolution
		{631AC093-430F-45F4-BA0C-AF0F0405918A}.Debug Complete|Any CPU.ActiveCfg = Debug|Any CPU
		{631AC093-430F-45F4-BA0C-AF0F0405918A}.Debug Complete|Any CPU.Build.0 = Debug|Any CPU
		{631AC093-430F-45F4-BA0C-AF0F0405918A}.Debug|Any CPU.ActiveCfg = Debug|Any CPU
		{631AC093-430F-45F4-BA0C-AF0F0405918A}.Debug|Any CPU.Build.0 = Debug|Any CPU
		{631AC093-430F-45F4-BA0C-AF0F0405918A}.Release Complete|Any CPU.ActiveCfg = Release|Any CPU
		{631AC093-430F-45F4-BA0C-AF0F0405918A}.Release Complete|Any CPU.Build.0 = Release|Any CPU
		{631AC093-430F-45F4-BA0C-AF0F0405918A}.Release|Any CPU.ActiveCfg = Release|Any CPU
		{631AC093-430F-45F4-BA0C-AF0F0405918A}.Release|Any CPU.Build.0 = Release|Any CPU
		{C6A8B9AE-0749-41C7-8FF9-02C156696F45}.Debug Complete|Any CPU.ActiveCfg = Debug|Any CPU
		{C6A8B9AE-0749-41C7-8FF9-02C156696F45}.Debug Complete|Any CPU.Build.0 = Debug|Any CPU
		{C6A8B9AE-0749-41C7-8FF9-02C156696F45}.Debug|Any CPU.ActiveCfg = Debug|Any CPU
		{C6A8B9AE-0749-41C7-8FF9-02C156696F45}.Debug|Any CPU.Build.0 = Debug|Any CPU
		{C6A8B9AE-0749-41C7-8FF9-02C156696F45}.Release Complete|Any CPU.ActiveCfg = Release|Any CPU
		{C6A8B9AE-0749-41C7-8FF9-02C156696F45}.Release Complete|Any CPU.Build.0 = Release|Any CPU
		{C6A8B9AE-0749-41C7-8FF9-02C156696F45}.Release|Any CPU.ActiveCfg = Release|Any CPU
		{C6A8B9AE-0749-41C7-8FF9-02C156696F45}.Release|Any CPU.Build.0 = Release|Any CPU
		{50050BA8-B739-4931-8DBA-D77A031537FF}.Debug Complete|Any CPU.ActiveCfg = Debug|Any CPU
		{50050BA8-B739-4931-8DBA-D77A031537FF}.Debug Complete|Any CPU.Build.0 = Debug|Any CPU
		{50050BA8-B739-4931-8DBA-D77A031537FF}.Debug|Any CPU.ActiveCfg = Debug|Any CPU
		{50050BA8-B739-4931-8DBA-D77A031537FF}.Debug|Any CPU.Build.0 = Debug|Any CPU
		{50050BA8-B739-4931-8DBA-D77A031537FF}.Release Complete|Any CPU.ActiveCfg = Release|Any CPU
		{50050BA8-B739-4931-8DBA-D77A031537FF}.Release Complete|Any CPU.Build.0 = Release|Any CPU
		{50050BA8-B739-4931-8DBA-D77A031537FF}.Release|Any CPU.ActiveCfg = Release|Any CPU
		{50050BA8-B739-4931-8DBA-D77A031537FF}.Release|Any CPU.Build.0 = Release|Any CPU
		{C0FAF524-72E4-46F7-8C1B-A6B74DEC5EBE}.Debug Complete|Any CPU.ActiveCfg = Debug|Any CPU
		{C0FAF524-72E4-46F7-8C1B-A6B74DEC5EBE}.Debug Complete|Any CPU.Build.0 = Debug|Any CPU
		{C0FAF524-72E4-46F7-8C1B-A6B74DEC5EBE}.Debug|Any CPU.ActiveCfg = Debug|Any CPU
		{C0FAF524-72E4-46F7-8C1B-A6B74DEC5EBE}.Debug|Any CPU.Build.0 = Debug|Any CPU
		{C0FAF524-72E4-46F7-8C1B-A6B74DEC5EBE}.Release Complete|Any CPU.ActiveCfg = Release|Any CPU
		{C0FAF524-72E4-46F7-8C1B-A6B74DEC5EBE}.Release Complete|Any CPU.Build.0 = Release|Any CPU
		{C0FAF524-72E4-46F7-8C1B-A6B74DEC5EBE}.Release|Any CPU.ActiveCfg = Release|Any CPU
		{C0FAF524-72E4-46F7-8C1B-A6B74DEC5EBE}.Release|Any CPU.Build.0 = Release|Any CPU
		{4CCA6844-9102-4A3B-8148-EA3D359B2586}.Debug Complete|Any CPU.ActiveCfg = Debug|Any CPU
		{4CCA6844-9102-4A3B-8148-EA3D359B2586}.Debug Complete|Any CPU.Build.0 = Debug|Any CPU
		{4CCA6844-9102-4A3B-8148-EA3D359B2586}.Debug|Any CPU.ActiveCfg = Debug|Any CPU
		{4CCA6844-9102-4A3B-8148-EA3D359B2586}.Debug|Any CPU.Build.0 = Debug|Any CPU
		{4CCA6844-9102-4A3B-8148-EA3D359B2586}.Release Complete|Any CPU.ActiveCfg = Release|Any CPU
		{4CCA6844-9102-4A3B-8148-EA3D359B2586}.Release Complete|Any CPU.Build.0 = Release|Any CPU
		{4CCA6844-9102-4A3B-8148-EA3D359B2586}.Release|Any CPU.ActiveCfg = Release|Any CPU
		{4CCA6844-9102-4A3B-8148-EA3D359B2586}.Release|Any CPU.Build.0 = Release|Any CPU
	EndGlobalSection
	GlobalSection(SolutionProperties) = preSolution
		HideSolutionNode = FALSE
	EndGlobalSection
	GlobalSection(ExtensibilityGlobals) = postSolution
		SolutionGuid = {69A6752D-1E17-4795-9B52-1242F93AF0E6}
	EndGlobalSection
EndGlobal
